// !$*UTF8*$!
{
	archiveVersion = 1;
	classes = {
	};
	objectVersion = 51;
	objects = {

/* Begin PBXBuildFile section */
		C0A0775A13FCE69742CF333E /* Pods_ChuckNorrisJockes.framework in Frameworks */ = {isa = PBXBuildFile; fileRef = 19616364DDCCA81A8671235A /* Pods_ChuckNorrisJockes.framework */; };
		D631444525B87C150081AA28 /* JokesListDataSource.swift in Sources */ = {isa = PBXBuildFile; fileRef = D631444425B87C150081AA28 /* JokesListDataSource.swift */; };
		D631444F25B8C49B0081AA28 /* JokesListCell.swift in Sources */ = {isa = PBXBuildFile; fileRef = D631444E25B8C49B0081AA28 /* JokesListCell.swift */; };
		D67A953425B9897D00DECB55 /* SymbolCoder.swift in Sources */ = {isa = PBXBuildFile; fileRef = D67A953325B9897D00DECB55 /* SymbolCoder.swift */; };
		D67A953825B9947400DECB55 /* APIWebViewBuilder.swift in Sources */ = {isa = PBXBuildFile; fileRef = D67A953725B9947400DECB55 /* APIWebViewBuilder.swift */; };
		D67A953B25B9947F00DECB55 /* APIWebViewPresenter.swift in Sources */ = {isa = PBXBuildFile; fileRef = D67A953A25B9947F00DECB55 /* APIWebViewPresenter.swift */; };
		D67A953E25B9949800DECB55 /* APIWebViewModel.swift in Sources */ = {isa = PBXBuildFile; fileRef = D67A953D25B9949800DECB55 /* APIWebViewModel.swift */; };
		D67A954325B9A55E00DECB55 /* APIWebViewDelegate.swift in Sources */ = {isa = PBXBuildFile; fileRef = D67A954225B9A55E00DECB55 /* APIWebViewDelegate.swift */; };
		D67A954A25B9B6B200DECB55 /* JokesListDelegate.swift in Sources */ = {isa = PBXBuildFile; fileRef = D67A954925B9B6B200DECB55 /* JokesListDelegate.swift */; };
		D69D404525B8277D00EDFAE2 /* AppDelegate.swift in Sources */ = {isa = PBXBuildFile; fileRef = D69D404425B8277D00EDFAE2 /* AppDelegate.swift */; };
		D69D404725B8277D00EDFAE2 /* SceneDelegate.swift in Sources */ = {isa = PBXBuildFile; fileRef = D69D404625B8277D00EDFAE2 /* SceneDelegate.swift */; };
		D69D404925B8277D00EDFAE2 /* JockesListViewController.swift in Sources */ = {isa = PBXBuildFile; fileRef = D69D404825B8277D00EDFAE2 /* JockesListViewController.swift */; };
		D69D404E25B8278200EDFAE2 /* Assets.xcassets in Resources */ = {isa = PBXBuildFile; fileRef = D69D404D25B8278200EDFAE2 /* Assets.xcassets */; };
		D69D405125B8278200EDFAE2 /* LaunchScreen.storyboard in Resources */ = {isa = PBXBuildFile; fileRef = D69D404F25B8278200EDFAE2 /* LaunchScreen.storyboard */; };
		D69D405F25B8296C00EDFAE2 /* APIWebViewController.swift in Sources */ = {isa = PBXBuildFile; fileRef = D69D405E25B8296C00EDFAE2 /* APIWebViewController.swift */; };
		D69D406425B82D2700EDFAE2 /* JockesListPresenter.swift in Sources */ = {isa = PBXBuildFile; fileRef = D69D406325B82D2700EDFAE2 /* JockesListPresenter.swift */; };
		D69D406825B82D4900EDFAE2 /* JockesListView.swift in Sources */ = {isa = PBXBuildFile; fileRef = D69D406725B82D4900EDFAE2 /* JockesListView.swift */; };
		D69D406B25B82D5F00EDFAE2 /* JockesListModel.swift in Sources */ = {isa = PBXBuildFile; fileRef = D69D406A25B82D5F00EDFAE2 /* JockesListModel.swift */; };
		D69D406F25B82F1C00EDFAE2 /* JockesListService.swift in Sources */ = {isa = PBXBuildFile; fileRef = D69D406E25B82F1C00EDFAE2 /* JockesListService.swift */; };
		D69D407225B831D700EDFAE2 /* JockesListBuilder.swift in Sources */ = {isa = PBXBuildFile; fileRef = D69D407125B831D700EDFAE2 /* JockesListBuilder.swift */; };
/* End PBXBuildFile section */

/* Begin PBXFileReference section */
		19616364DDCCA81A8671235A /* Pods_ChuckNorrisJockes.framework */ = {isa = PBXFileReference; explicitFileType = wrapper.framework; includeInIndex = 0; path = Pods_ChuckNorrisJockes.framework; sourceTree = BUILT_PRODUCTS_DIR; };
		34F2F6D72C4A4B7B82B22B61 /* Pods-ChuckNorrisJockes.debug.xcconfig */ = {isa = PBXFileReference; includeInIndex = 1; lastKnownFileType = text.xcconfig; name = "Pods-ChuckNorrisJockes.debug.xcconfig"; path = "Target Support Files/Pods-ChuckNorrisJockes/Pods-ChuckNorrisJockes.debug.xcconfig"; sourceTree = "<group>"; };
		49FC150A36D9448E79B39A2E /* Pods-ChuckNorrisJockes.release.xcconfig */ = {isa = PBXFileReference; includeInIndex = 1; lastKnownFileType = text.xcconfig; name = "Pods-ChuckNorrisJockes.release.xcconfig"; path = "Target Support Files/Pods-ChuckNorrisJockes/Pods-ChuckNorrisJockes.release.xcconfig"; sourceTree = "<group>"; };
		D631444425B87C150081AA28 /* JokesListDataSource.swift */ = {isa = PBXFileReference; lastKnownFileType = sourcecode.swift; path = JokesListDataSource.swift; sourceTree = "<group>"; };
		D631444E25B8C49B0081AA28 /* JokesListCell.swift */ = {isa = PBXFileReference; lastKnownFileType = sourcecode.swift; path = JokesListCell.swift; sourceTree = "<group>"; };
		D67A953325B9897D00DECB55 /* SymbolCoder.swift */ = {isa = PBXFileReference; lastKnownFileType = sourcecode.swift; path = SymbolCoder.swift; sourceTree = "<group>"; };
		D67A953725B9947400DECB55 /* APIWebViewBuilder.swift */ = {isa = PBXFileReference; lastKnownFileType = sourcecode.swift; path = APIWebViewBuilder.swift; sourceTree = "<group>"; };
		D67A953A25B9947F00DECB55 /* APIWebViewPresenter.swift */ = {isa = PBXFileReference; lastKnownFileType = sourcecode.swift; path = APIWebViewPresenter.swift; sourceTree = "<group>"; };
		D67A953D25B9949800DECB55 /* APIWebViewModel.swift */ = {isa = PBXFileReference; lastKnownFileType = sourcecode.swift; path = APIWebViewModel.swift; sourceTree = "<group>"; };
		D67A954225B9A55E00DECB55 /* APIWebViewDelegate.swift */ = {isa = PBXFileReference; lastKnownFileType = sourcecode.swift; path = APIWebViewDelegate.swift; sourceTree = "<group>"; };
		D67A954925B9B6B200DECB55 /* JokesListDelegate.swift */ = {isa = PBXFileReference; lastKnownFileType = sourcecode.swift; path = JokesListDelegate.swift; sourceTree = "<group>"; };
		D69D404125B8277D00EDFAE2 /* ChuckNorrisJockes.app */ = {isa = PBXFileReference; explicitFileType = wrapper.application; includeInIndex = 0; path = ChuckNorrisJockes.app; sourceTree = BUILT_PRODUCTS_DIR; };
		D69D404425B8277D00EDFAE2 /* AppDelegate.swift */ = {isa = PBXFileReference; lastKnownFileType = sourcecode.swift; path = AppDelegate.swift; sourceTree = "<group>"; };
		D69D404625B8277D00EDFAE2 /* SceneDelegate.swift */ = {isa = PBXFileReference; lastKnownFileType = sourcecode.swift; path = SceneDelegate.swift; sourceTree = "<group>"; };
		D69D404825B8277D00EDFAE2 /* JockesListViewController.swift */ = {isa = PBXFileReference; lastKnownFileType = sourcecode.swift; path = JockesListViewController.swift; sourceTree = "<group>"; };
		D69D404D25B8278200EDFAE2 /* Assets.xcassets */ = {isa = PBXFileReference; lastKnownFileType = folder.assetcatalog; path = Assets.xcassets; sourceTree = "<group>"; };
		D69D405025B8278200EDFAE2 /* Base */ = {isa = PBXFileReference; lastKnownFileType = file.storyboard; name = Base; path = Base.lproj/LaunchScreen.storyboard; sourceTree = "<group>"; };
		D69D405225B8278200EDFAE2 /* Info.plist */ = {isa = PBXFileReference; lastKnownFileType = text.plist.xml; path = Info.plist; sourceTree = "<group>"; };
		D69D405E25B8296C00EDFAE2 /* APIWebViewController.swift */ = {isa = PBXFileReference; lastKnownFileType = sourcecode.swift; path = APIWebViewController.swift; sourceTree = "<group>"; };
		D69D406325B82D2700EDFAE2 /* JockesListPresenter.swift */ = {isa = PBXFileReference; lastKnownFileType = sourcecode.swift; path = JockesListPresenter.swift; sourceTree = "<group>"; };
		D69D406725B82D4900EDFAE2 /* JockesListView.swift */ = {isa = PBXFileReference; lastKnownFileType = sourcecode.swift; path = JockesListView.swift; sourceTree = "<group>"; };
		D69D406A25B82D5F00EDFAE2 /* JockesListModel.swift */ = {isa = PBXFileReference; lastKnownFileType = sourcecode.swift; path = JockesListModel.swift; sourceTree = "<group>"; };
		D69D406E25B82F1C00EDFAE2 /* JockesListService.swift */ = {isa = PBXFileReference; lastKnownFileType = sourcecode.swift; path = JockesListService.swift; sourceTree = "<group>"; };
		D69D407125B831D700EDFAE2 /* JockesListBuilder.swift */ = {isa = PBXFileReference; lastKnownFileType = sourcecode.swift; path = JockesListBuilder.swift; sourceTree = "<group>"; };
/* End PBXFileReference section */

/* Begin PBXFrameworksBuildPhase section */
		D69D403E25B8277D00EDFAE2 /* Frameworks */ = {
			isa = PBXFrameworksBuildPhase;
			buildActionMask = 2147483647;
			files = (
				C0A0775A13FCE69742CF333E /* Pods_ChuckNorrisJockes.framework in Frameworks */,
			);
			runOnlyForDeploymentPostprocessing = 0;
		};
/* End PBXFrameworksBuildPhase section */

/* Begin PBXGroup section */
		0031A37FA5279D9B1241A64E /* Pods */ = {
			isa = PBXGroup;
			children = (
				34F2F6D72C4A4B7B82B22B61 /* Pods-ChuckNorrisJockes.debug.xcconfig */,
				49FC150A36D9448E79B39A2E /* Pods-ChuckNorrisJockes.release.xcconfig */,
			);
			path = Pods;
			sourceTree = "<group>";
		};
		44DAD823E4BA05B493BC3F31 /* Frameworks */ = {
			isa = PBXGroup;
			children = (
				19616364DDCCA81A8671235A /* Pods_ChuckNorrisJockes.framework */,
			);
			name = Frameworks;
			sourceTree = "<group>";
		};
		D631444925B8C4040081AA28 /* Model */ = {
			isa = PBXGroup;
			children = (
				D69D406A25B82D5F00EDFAE2 /* JockesListModel.swift */,
			);
			path = Model;
			sourceTree = "<group>";
		};
		D631444A25B8C40D0081AA28 /* View */ = {
			isa = PBXGroup;
			children = (
				D631444425B87C150081AA28 /* JokesListDataSource.swift */,
				D67A954925B9B6B200DECB55 /* JokesListDelegate.swift */,
				D69D404825B8277D00EDFAE2 /* JockesListViewController.swift */,
				D69D406725B82D4900EDFAE2 /* JockesListView.swift */,
				D631444E25B8C49B0081AA28 /* JokesListCell.swift */,
			);
			path = View;
			sourceTree = "<group>";
		};
		D631444B25B8C4120081AA28 /* Presenter */ = {
			isa = PBXGroup;
			children = (
				D69D406325B82D2700EDFAE2 /* JockesListPresenter.swift */,
			);
			path = Presenter;
			sourceTree = "<group>";
		};
		D631444C25B8C42A0081AA28 /* ServiceLayer */ = {
			isa = PBXGroup;
			children = (
				D69D406E25B82F1C00EDFAE2 /* JockesListService.swift */,
				D67A953325B9897D00DECB55 /* SymbolCoder.swift */,
			);
			path = ServiceLayer;
			sourceTree = "<group>";
		};
		D67A954525B9ACC000DECB55 /* Model */ = {
			isa = PBXGroup;
			children = (
				D67A953D25B9949800DECB55 /* APIWebViewModel.swift */,
			);
			path = Model;
			sourceTree = "<group>";
		};
		D67A954625B9ACC700DECB55 /* View */ = {
			isa = PBXGroup;
			children = (
				D67A954225B9A55E00DECB55 /* APIWebViewDelegate.swift */,
				D69D405E25B8296C00EDFAE2 /* APIWebViewController.swift */,
			);
			path = View;
			sourceTree = "<group>";
		};
		D67A954725B9ACCC00DECB55 /* Presenter */ = {
			isa = PBXGroup;
			children = (
				D67A953A25B9947F00DECB55 /* APIWebViewPresenter.swift */,
			);
			path = Presenter;
			sourceTree = "<group>";
		};
		D69D403825B8277D00EDFAE2 = {
			isa = PBXGroup;
			children = (
				D69D404325B8277D00EDFAE2 /* ChuckNorrisJockes */,
				D69D404225B8277D00EDFAE2 /* Products */,
				0031A37FA5279D9B1241A64E /* Pods */,
				44DAD823E4BA05B493BC3F31 /* Frameworks */,
			);
			sourceTree = "<group>";
		};
		D69D404225B8277D00EDFAE2 /* Products */ = {
			isa = PBXGroup;
			children = (
				D69D404125B8277D00EDFAE2 /* ChuckNorrisJockes.app */,
			);
			name = Products;
			sourceTree = "<group>";
		};
		D69D404325B8277D00EDFAE2 /* ChuckNorrisJockes */ = {
			isa = PBXGroup;
			children = (
				D69D406225B82CDC00EDFAE2 /* APIWebViewModule */,
				D69D406125B82CCB00EDFAE2 /* JockesModule */,
				D69D404425B8277D00EDFAE2 /* AppDelegate.swift */,
				D69D404625B8277D00EDFAE2 /* SceneDelegate.swift */,
				D69D404D25B8278200EDFAE2 /* Assets.xcassets */,
				D69D404F25B8278200EDFAE2 /* LaunchScreen.storyboard */,
				D69D405225B8278200EDFAE2 /* Info.plist */,
			);
			path = ChuckNorrisJockes;
			sourceTree = "<group>";
		};
		D69D406125B82CCB00EDFAE2 /* JockesModule */ = {
			isa = PBXGroup;
			children = (
				D69D407125B831D700EDFAE2 /* JockesListBuilder.swift */,
				D631444C25B8C42A0081AA28 /* ServiceLayer */,
				D631444B25B8C4120081AA28 /* Presenter */,
				D631444A25B8C40D0081AA28 /* View */,
				D631444925B8C4040081AA28 /* Model */,
			);
			path = JockesModule;
			sourceTree = "<group>";
		};
		D69D406225B82CDC00EDFAE2 /* APIWebViewModule */ = {
			isa = PBXGroup;
			children = (
				D67A953725B9947400DECB55 /* APIWebViewBuilder.swift */,
				D67A954725B9ACCC00DECB55 /* Presenter */,
				D67A954625B9ACC700DECB55 /* View */,
				D67A954525B9ACC000DECB55 /* Model */,
			);
			path = APIWebViewModule;
			sourceTree = "<group>";
		};
/* End PBXGroup section */

/* Begin PBXNativeTarget section */
		D69D404025B8277D00EDFAE2 /* ChuckNorrisJockes */ = {
			isa = PBXNativeTarget;
			buildConfigurationList = D69D405525B8278200EDFAE2 /* Build configuration list for PBXNativeTarget "ChuckNorrisJockes" */;
			buildPhases = (
				83E6F6F71DDEFFB9B53F4384 /* [CP] Check Pods Manifest.lock */,
				D69D403D25B8277D00EDFAE2 /* Sources */,
				D69D403E25B8277D00EDFAE2 /* Frameworks */,
				D69D403F25B8277D00EDFAE2 /* Resources */,
				D1BC5CC6AF267AEF5C4D045C /* [CP] Embed Pods Frameworks */,
			);
			buildRules = (
			);
			dependencies = (
			);
			name = ChuckNorrisJockes;
			productName = ChuckNorrisJockes;
			productReference = D69D404125B8277D00EDFAE2 /* ChuckNorrisJockes.app */;
			productType = "com.apple.product-type.application";
		};
/* End PBXNativeTarget section */

/* Begin PBXProject section */
		D69D403925B8277D00EDFAE2 /* Project object */ = {
			isa = PBXProject;
			attributes = {
				LastSwiftUpdateCheck = 1230;
				LastUpgradeCheck = 1230;
				TargetAttributes = {
					D69D404025B8277D00EDFAE2 = {
						CreatedOnToolsVersion = 12.3;
					};
				};
			};
			buildConfigurationList = D69D403C25B8277D00EDFAE2 /* Build configuration list for PBXProject "ChuckNorrisJockes" */;
			compatibilityVersion = "Xcode 9.3";
			developmentRegion = en;
			hasScannedForEncodings = 0;
			knownRegions = (
				en,
				Base,
			);
			mainGroup = D69D403825B8277D00EDFAE2;
			productRefGroup = D69D404225B8277D00EDFAE2 /* Products */;
			projectDirPath = "";
			projectRoot = "";
			targets = (
				D69D404025B8277D00EDFAE2 /* ChuckNorrisJockes */,
			);
		};
/* End PBXProject section */

/* Begin PBXResourcesBuildPhase section */
		D69D403F25B8277D00EDFAE2 /* Resources */ = {
			isa = PBXResourcesBuildPhase;
			buildActionMask = 2147483647;
			files = (
				D69D405125B8278200EDFAE2 /* LaunchScreen.storyboard in Resources */,
				D69D404E25B8278200EDFAE2 /* Assets.xcassets in Resources */,
			);
			runOnlyForDeploymentPostprocessing = 0;
		};
/* End PBXResourcesBuildPhase section */

/* Begin PBXShellScriptBuildPhase section */
		83E6F6F71DDEFFB9B53F4384 /* [CP] Check Pods Manifest.lock */ = {
			isa = PBXShellScriptBuildPhase;
			buildActionMask = 2147483647;
			files = (
			);
			inputFileListPaths = (
			);
			inputPaths = (
				"${PODS_PODFILE_DIR_PATH}/Podfile.lock",
				"${PODS_ROOT}/Manifest.lock",
			);
			name = "[CP] Check Pods Manifest.lock";
			outputFileListPaths = (
			);
			outputPaths = (
				"$(DERIVED_FILE_DIR)/Pods-ChuckNorrisJockes-checkManifestLockResult.txt",
			);
			runOnlyForDeploymentPostprocessing = 0;
			shellPath = /bin/sh;
			shellScript = "diff \"${PODS_PODFILE_DIR_PATH}/Podfile.lock\" \"${PODS_ROOT}/Manifest.lock\" > /dev/null\nif [ $? != 0 ] ; then\n    # print error to STDERR\n    echo \"error: The sandbox is not in sync with the Podfile.lock. Run 'pod install' or update your CocoaPods installation.\" >&2\n    exit 1\nfi\n# This output is used by Xcode 'outputs' to avoid re-running this script phase.\necho \"SUCCESS\" > \"${SCRIPT_OUTPUT_FILE_0}\"\n";
			showEnvVarsInLog = 0;
		};
		D1BC5CC6AF267AEF5C4D045C /* [CP] Embed Pods Frameworks */ = {
			isa = PBXShellScriptBuildPhase;
			buildActionMask = 2147483647;
			files = (
			);
			inputFileListPaths = (
				"${PODS_ROOT}/Target Support Files/Pods-ChuckNorrisJockes/Pods-ChuckNorrisJockes-frameworks-${CONFIGURATION}-input-files.xcfilelist",
			);
			name = "[CP] Embed Pods Frameworks";
			outputFileListPaths = (
				"${PODS_ROOT}/Target Support Files/Pods-ChuckNorrisJockes/Pods-ChuckNorrisJockes-frameworks-${CONFIGURATION}-output-files.xcfilelist",
			);
			runOnlyForDeploymentPostprocessing = 0;
			shellPath = /bin/sh;
			shellScript = "\"${PODS_ROOT}/Target Support Files/Pods-ChuckNorrisJockes/Pods-ChuckNorrisJockes-frameworks.sh\"\n";
			showEnvVarsInLog = 0;
		};
/* End PBXShellScriptBuildPhase section */

/* Begin PBXSourcesBuildPhase section */
		D69D403D25B8277D00EDFAE2 /* Sources */ = {
			isa = PBXSourcesBuildPhase;
			buildActionMask = 2147483647;
			files = (
				D67A953E25B9949800DECB55 /* APIWebViewModel.swift in Sources */,
				D67A954325B9A55E00DECB55 /* APIWebViewDelegate.swift in Sources */,
				D67A954A25B9B6B200DECB55 /* JokesListDelegate.swift in Sources */,
				D69D405F25B8296C00EDFAE2 /* APIWebViewController.swift in Sources */,
				D69D404925B8277D00EDFAE2 /* JockesListViewController.swift in Sources */,
				D69D406425B82D2700EDFAE2 /* JockesListPresenter.swift in Sources */,
				D69D404525B8277D00EDFAE2 /* AppDelegate.swift in Sources */,
				D69D406B25B82D5F00EDFAE2 /* JockesListModel.swift in Sources */,
				D69D404725B8277D00EDFAE2 /* SceneDelegate.swift in Sources */,
				D67A953425B9897D00DECB55 /* SymbolCoder.swift in Sources */,
				D69D406F25B82F1C00EDFAE2 /* JockesListService.swift in Sources */,
				D67A953825B9947400DECB55 /* APIWebViewBuilder.swift in Sources */,
				D69D407225B831D700EDFAE2 /* JockesListBuilder.swift in Sources */,
				D69D406825B82D4900EDFAE2 /* JockesListView.swift in Sources */,
				D631444525B87C150081AA28 /* JokesListDataSource.swift in Sources */,
				D631444F25B8C49B0081AA28 /* JokesListCell.swift in Sources */,
				D67A953B25B9947F00DECB55 /* APIWebViewPresenter.swift in Sources */,
			);
			runOnlyForDeploymentPostprocessing = 0;
		};
/* End PBXSourcesBuildPhase section */

/* Begin PBXVariantGroup section */
		D69D404F25B8278200EDFAE2 /* LaunchScreen.storyboard */ = {
			isa = PBXVariantGroup;
			children = (
				D69D405025B8278200EDFAE2 /* Base */,
			);
			name = LaunchScreen.storyboard;
			sourceTree = "<group>";
		};
/* End PBXVariantGroup section */

/* Begin XCBuildConfiguration section */
		D69D405325B8278200EDFAE2 /* Debug */ = {
			isa = XCBuildConfiguration;
			buildSettings = {
				ALWAYS_SEARCH_USER_PATHS = NO;
				CLANG_ANALYZER_NONNULL = YES;
				CLANG_ANALYZER_NUMBER_OBJECT_CONVERSION = YES_AGGRESSIVE;
				CLANG_CXX_LANGUAGE_STANDARD = "gnu++14";
				CLANG_CXX_LIBRARY = "libc++";
				CLANG_ENABLE_MODULES = YES;
				CLANG_ENABLE_OBJC_ARC = YES;
				CLANG_ENABLE_OBJC_WEAK = YES;
				CLANG_WARN_BLOCK_CAPTURE_AUTORELEASING = YES;
				CLANG_WARN_BOOL_CONVERSION = YES;
				CLANG_WARN_COMMA = YES;
				CLANG_WARN_CONSTANT_CONVERSION = YES;
				CLANG_WARN_DEPRECATED_OBJC_IMPLEMENTATIONS = YES;
				CLANG_WARN_DIRECT_OBJC_ISA_USAGE = YES_ERROR;
				CLANG_WARN_DOCUMENTATION_COMMENTS = YES;
				CLANG_WARN_EMPTY_BODY = YES;
				CLANG_WARN_ENUM_CONVERSION = YES;
				CLANG_WARN_INFINITE_RECURSION = YES;
				CLANG_WARN_INT_CONVERSION = YES;
				CLANG_WARN_NON_LITERAL_NULL_CONVERSION = YES;
				CLANG_WARN_OBJC_IMPLICIT_RETAIN_SELF = YES;
				CLANG_WARN_OBJC_LITERAL_CONVERSION = YES;
				CLANG_WARN_OBJC_ROOT_CLASS = YES_ERROR;
				CLANG_WARN_QUOTED_INCLUDE_IN_FRAMEWORK_HEADER = YES;
				CLANG_WARN_RANGE_LOOP_ANALYSIS = YES;
				CLANG_WARN_STRICT_PROTOTYPES = YES;
				CLANG_WARN_SUSPICIOUS_MOVE = YES;
				CLANG_WARN_UNGUARDED_AVAILABILITY = YES_AGGRESSIVE;
				CLANG_WARN_UNREACHABLE_CODE = YES;
				CLANG_WARN__DUPLICATE_METHOD_MATCH = YES;
				COPY_PHASE_STRIP = NO;
				DEBUG_INFORMATION_FORMAT = dwarf;
				ENABLE_STRICT_OBJC_MSGSEND = YES;
				ENABLE_TESTABILITY = YES;
				GCC_C_LANGUAGE_STANDARD = gnu11;
				GCC_DYNAMIC_NO_PIC = NO;
				GCC_NO_COMMON_BLOCKS = YES;
				GCC_OPTIMIZATION_LEVEL = 0;
				GCC_PREPROCESSOR_DEFINITIONS = (
					"DEBUG=1",
					"$(inherited)",
				);
				GCC_WARN_64_TO_32_BIT_CONVERSION = YES;
				GCC_WARN_ABOUT_RETURN_TYPE = YES_ERROR;
				GCC_WARN_UNDECLARED_SELECTOR = YES;
				GCC_WARN_UNINITIALIZED_AUTOS = YES_AGGRESSIVE;
				GCC_WARN_UNUSED_FUNCTION = YES;
				GCC_WARN_UNUSED_VARIABLE = YES;
				IPHONEOS_DEPLOYMENT_TARGET = 14.3;
				MTL_ENABLE_DEBUG_INFO = INCLUDE_SOURCE;
				MTL_FAST_MATH = YES;
				ONLY_ACTIVE_ARCH = YES;
				SDKROOT = iphoneos;
				SWIFT_ACTIVE_COMPILATION_CONDITIONS = DEBUG;
				SWIFT_OPTIMIZATION_LEVEL = "-Onone";
			};
			name = Debug;
		};
		D69D405425B8278200EDFAE2 /* Release */ = {
			isa = XCBuildConfiguration;
			buildSettings = {
				ALWAYS_SEARCH_USER_PATHS = NO;
				CLANG_ANALYZER_NONNULL = YES;
				CLANG_ANALYZER_NUMBER_OBJECT_CONVERSION = YES_AGGRESSIVE;
				CLANG_CXX_LANGUAGE_STANDARD = "gnu++14";
				CLANG_CXX_LIBRARY = "libc++";
				CLANG_ENABLE_MODULES = YES;
				CLANG_ENABLE_OBJC_ARC = YES;
				CLANG_ENABLE_OBJC_WEAK = YES;
				CLANG_WARN_BLOCK_CAPTURE_AUTORELEASING = YES;
				CLANG_WARN_BOOL_CONVERSION = YES;
				CLANG_WARN_COMMA = YES;
				CLANG_WARN_CONSTANT_CONVERSION = YES;
				CLANG_WARN_DEPRECATED_OBJC_IMPLEMENTATIONS = YES;
				CLANG_WARN_DIRECT_OBJC_ISA_USAGE = YES_ERROR;
				CLANG_WARN_DOCUMENTATION_COMMENTS = YES;
				CLANG_WARN_EMPTY_BODY = YES;
				CLANG_WARN_ENUM_CONVERSION = YES;
				CLANG_WARN_INFINITE_RECURSION = YES;
				CLANG_WARN_INT_CONVERSION = YES;
				CLANG_WARN_NON_LITERAL_NULL_CONVERSION = YES;
				CLANG_WARN_OBJC_IMPLICIT_RETAIN_SELF = YES;
				CLANG_WARN_OBJC_LITERAL_CONVERSION = YES;
				CLANG_WARN_OBJC_ROOT_CLASS = YES_ERROR;
				CLANG_WARN_QUOTED_INCLUDE_IN_FRAMEWORK_HEADER = YES;
				CLANG_WARN_RANGE_LOOP_ANALYSIS = YES;
				CLANG_WARN_STRICT_PROTOTYPES = YES;
				CLANG_WARN_SUSPICIOUS_MOVE = YES;
				CLANG_WARN_UNGUARDED_AVAILABILITY = YES_AGGRESSIVE;
				CLANG_WARN_UNREACHABLE_CODE = YES;
				CLANG_WARN__DUPLICATE_METHOD_MATCH = YES;
				COPY_PHASE_STRIP = NO;
				DEBUG_INFORMATION_FORMAT = "dwarf-with-dsym";
				ENABLE_NS_ASSERTIONS = NO;
				ENABLE_STRICT_OBJC_MSGSEND = YES;
				GCC_C_LANGUAGE_STANDARD = gnu11;
				GCC_NO_COMMON_BLOCKS = YES;
				GCC_WARN_64_TO_32_BIT_CONVERSION = YES;
				GCC_WARN_ABOUT_RETURN_TYPE = YES_ERROR;
				GCC_WARN_UNDECLARED_SELECTOR = YES;
				GCC_WARN_UNINITIALIZED_AUTOS = YES_AGGRESSIVE;
				GCC_WARN_UNUSED_FUNCTION = YES;
				GCC_WARN_UNUSED_VARIABLE = YES;
				IPHONEOS_DEPLOYMENT_TARGET = 14.3;
				MTL_ENABLE_DEBUG_INFO = NO;
				MTL_FAST_MATH = YES;
				SDKROOT = iphoneos;
				SWIFT_COMPILATION_MODE = wholemodule;
				SWIFT_OPTIMIZATION_LEVEL = "-O";
				VALIDATE_PRODUCT = YES;
			};
			name = Release;
		};
		D69D405625B8278200EDFAE2 /* Debug */ = {
			isa = XCBuildConfiguration;
			baseConfigurationReference = 34F2F6D72C4A4B7B82B22B61 /* Pods-ChuckNorrisJockes.debug.xcconfig */;
			buildSettings = {
				ASSETCATALOG_COMPILER_APPICON_NAME = AppIcon;
				ASSETCATALOG_COMPILER_GLOBAL_ACCENT_COLOR_NAME = AccentColor;
				CODE_SIGN_STYLE = Automatic;
				DEVELOPMENT_TEAM = 9ZK8KG7ZJ3;
				INFOPLIST_FILE = ChuckNorrisJockes/Info.plist;
				LD_RUNPATH_SEARCH_PATHS = (
					"$(inherited)",
					"@executable_path/Frameworks",
				);
				PRODUCT_BUNDLE_IDENTIFIER = rockmountain.ChuckNorrisJockes;
				PRODUCT_NAME = "$(TARGET_NAME)";
				SWIFT_VERSION = 5.0;
				TARGETED_DEVICE_FAMILY = "1,2";
			};
			name = Debug;
		};
		D69D405725B8278200EDFAE2 /* Release */ = {
			isa = XCBuildConfiguration;
			baseConfigurationReference = 49FC150A36D9448E79B39A2E /* Pods-ChuckNorrisJockes.release.xcconfig */;
			buildSettings = {
				ASSETCATALOG_COMPILER_APPICON_NAME = AppIcon;
				ASSETCATALOG_COMPILER_GLOBAL_ACCENT_COLOR_NAME = AccentColor;
				CODE_SIGN_STYLE = Automatic;
				DEVELOPMENT_TEAM = 9ZK8KG7ZJ3;
				INFOPLIST_FILE = ChuckNorrisJockes/Info.plist;
				LD_RUNPATH_SEARCH_PATHS = (
					"$(inherited)",
					"@executable_path/Frameworks",
				);
				PRODUCT_BUNDLE_IDENTIFIER = rockmountain.ChuckNorrisJockes;
				PRODUCT_NAME = "$(TARGET_NAME)";
				SWIFT_VERSION = 5.0;
				TARGETED_DEVICE_FAMILY = "1,2";
			};
			name = Release;
		};
/* End XCBuildConfiguration section */

/* Begin XCConfigurationList section */
		D69D403C25B8277D00EDFAE2 /* Build configuration list for PBXProject "ChuckNorrisJockes" */ = {
			isa = XCConfigurationList;
			buildConfigurations = (
				D69D405325B8278200EDFAE2 /* Debug */,
				D69D405425B8278200EDFAE2 /* Release */,
			);
			defaultConfigurationIsVisible = 0;
			defaultConfigurationName = Release;
		};
		D69D405525B8278200EDFAE2 /* Build configuration list for PBXNativeTarget "ChuckNorrisJockes" */ = {
			isa = XCConfigurationList;
			buildConfigurations = (
				D69D405625B8278200EDFAE2 /* Debug */,
				D69D405725B8278200EDFAE2 /* Release */,
			);
			defaultConfigurationIsVisible = 0;
			defaultConfigurationName = Release;
		};
/* End XCConfigurationList section */
	};
	rootObject = D69D403925B8277D00EDFAE2 /* Project object */;
}
